<Solution>
  <Project Path="src/TransactionApp.Api/TransactionSystem.Api.csproj" />
  <Project Path="src/TransactionSystem.Application/TransactionSystem.Application.csproj" />
  <Project Path="src/TransactionSystem.Domain/TransactionSystem.Domain.csproj" Id="475341f8-6593-4cad-832b-784264421a21" />
  <Project Path="src/TransactionSystem.Infrastructure/TransactionSystem.Infrastructure.csproj" />
</Solution>
